
Microsoft Visual Studio Solution File, Format Version 12.00
# Visual Studio Version 17
VisualStudioVersion = 17.9.34701.34
MinimumVisualStudioVersion = 10.0.40219.1
Project("{FAE04EC0-301F-11D3-BF4B-00C04F79EFBC}") = "Interface-c#-2", "Interface-c#-2.csproj", "{1935F252-9232-41D2-8ED4-0AD4CAAB5D16}"
EndProject
Global
	GlobalSection(SolutionConfigurationPlatforms) = preSolution
		Debug|Any CPU = Debug|Any CPU
		Release|Any CPU = Release|Any CPU
	EndGlobalSection
	GlobalSection(ProjectConfigurationPlatforms) = postSolution
		{1935F252-9232-41D2-8ED4-0AD4CAAB5D16}.Debug|Any CPU.ActiveCfg = Debug|Any CPU
		{1935F252-9232-41D2-8ED4-0AD4CAAB5D16}.Debug|Any CPU.Build.0 = Debug|Any CPU
		{1935F252-9232-41D2-8ED4-0AD4CAAB5D16}.Release|Any CPU.ActiveCfg = Release|Any CPU
		{1935F252-9232-41D2-8ED4-0AD4CAAB5D16}.Release|Any CPU.Build.0 = Release|Any CPU
	EndGlobalSection
	GlobalSection(SolutionProperties) = preSolution
		HideSolutionNode = FALSE
	EndGlobalSection
	GlobalSection(ExtensibilityGlobals) = postSolution
		SolutionGuid = {17A43E55-137F-4093-A97E-8041089AFF1D}
	EndGlobalSection
EndGlobal
